
Microsoft Visual Studio Solution File, Format Version 11.00
# Visual Studio 2010
Project("{FAE04EC0-301F-11D3-BF4B-00C04F79EFBC}") = "Assembly-CSharp", "Assembly-CSharp.csproj", "{99a2ded9-dfd2-aa84-3660-e4c0044c68f6}"
EndProject
Project("{FAE04EC0-301F-11D3-BF4B-00C04F79EFBC}") = "Assembly-CSharp-Editor", "Assembly-CSharp-Editor.csproj", "{179caf52-b5c6-1d19-6fe0-131381d5c8c0}"
EndProject
Global
	GlobalSection(SolutionConfigurationPlatforms) = preSolution
		Debug|Any CPU = Debug|Any CPU
	EndGlobalSection
	GlobalSection(ProjectConfigurationPlatforms) = postSolution
		{99a2ded9-dfd2-aa84-3660-e4c0044c68f6}.Debug|Any CPU.ActiveCfg = Debug|Any CPU
		{99a2ded9-dfd2-aa84-3660-e4c0044c68f6}.Debug|Any CPU.Build.0 = Debug|Any CPU
		{179caf52-b5c6-1d19-6fe0-131381d5c8c0}.Debug|Any CPU.ActiveCfg = Debug|Any CPU
		{179caf52-b5c6-1d19-6fe0-131381d5c8c0}.Debug|Any CPU.Build.0 = Debug|Any CPU
	EndGlobalSection
	GlobalSection(SolutionProperties) = preSolution
		HideSolutionNode = FALSE
	EndGlobalSection
EndGlobal
